
Microsoft Visual Studio Solution File, Format Version 12.00
# Visual Studio Version 17
VisualStudioVersion = 17.10.35013.160
MinimumVisualStudioVersion = 10.0.40219.1
Project("{FAE04EC0-301F-11D3-BF4B-00C04F79EFBC}") = "WindowsFormsApp3", "WindowsFormsApp3\WindowsFormsApp3.csproj", "{4EC2127F-C1CC-4FE4-9B72-8707C3D48752}"
EndProject
Global
	GlobalSection(SolutionConfigurationPlatforms) = preSolution
		Debug|Any CPU = Debug|Any CPU
		Release|Any CPU = Release|Any CPU
	EndGlobalSection
	GlobalSection(ProjectConfigurationPlatforms) = postSolution
		{4EC2127F-C1CC-4FE4-9B72-8707C3D48752}.Debug|Any CPU.ActiveCfg = Debug|Any CPU
		{4EC2127F-C1CC-4FE4-9B72-8707C3D48752}.Debug|Any CPU.Build.0 = Debug|Any CPU
		{4EC2127F-C1CC-4FE4-9B72-8707C3D48752}.Release|Any CPU.ActiveCfg = Release|Any CPU
		{4EC2127F-C1CC-4FE4-9B72-8707C3D48752}.Release|Any CPU.Build.0 = Release|Any CPU
	EndGlobalSection
	GlobalSection(SolutionProperties) = preSolution
		HideSolutionNode = FALSE
	EndGlobalSection
	GlobalSection(ExtensibilityGlobals) = postSolution
		SolutionGuid = {F47776F6-3E02-44C6-8BC0-F2AEC799AA29}
	EndGlobalSection
EndGlobal
